// !$*UTF8*$!
{
	archiveVersion = 1;
	classes = {
	};
	objectVersion = 48;
	objects = {

/* Begin PBXBuildFile section */
		33A2D97C1FF7CEC7008FC7EB /* AppDelegate.swift in Sources */ = {isa = PBXBuildFile; fileRef = 33A2D97B1FF7CEC7008FC7EB /* AppDelegate.swift */; };
		33A2D9831FF7CEC7008FC7EB /* Assets.xcassets in Resources */ = {isa = PBXBuildFile; fileRef = 33A2D9821FF7CEC7008FC7EB /* Assets.xcassets */; };
		33A2D9861FF7CEC7008FC7EB /* LaunchScreen.storyboard in Resources */ = {isa = PBXBuildFile; fileRef = 33A2D9841FF7CEC7008FC7EB /* LaunchScreen.storyboard */; };
		33A2D9931FF7D3D5008FC7EB /* Const.swift in Sources */ = {isa = PBXBuildFile; fileRef = 33A2D9921FF7D3D5008FC7EB /* Const.swift */; };
		33A2D9971FF7DB54008FC7EB /* HTTPEngine.swift in Sources */ = {isa = PBXBuildFile; fileRef = 33A2D9961FF7DB54008FC7EB /* HTTPEngine.swift */; };
		33A2D99C1FFB2C5A008FC7EB /* OAuthViewController.swift in Sources */ = {isa = PBXBuildFile; fileRef = 33A2D99A1FFB2C5A008FC7EB /* OAuthViewController.swift */; };
		33A2D99D1FFB2C5A008FC7EB /* OAuthViewController.xib in Resources */ = {isa = PBXBuildFile; fileRef = 33A2D99B1FFB2C5A008FC7EB /* OAuthViewController.xib */; };
		33A2D9A71FFB30AF008FC7EB /* HomeController.swift in Sources */ = {isa = PBXBuildFile; fileRef = 33A2D9A51FFB30AF008FC7EB /* HomeController.swift */; };
		33A2D9AB1FFB30BB008FC7EB /* LikeController.swift in Sources */ = {isa = PBXBuildFile; fileRef = 33A2D9A91FFB30BB008FC7EB /* LikeController.swift */; };
		33A2D9AC1FFB30BB008FC7EB /* LikeController.xib in Resources */ = {isa = PBXBuildFile; fileRef = 33A2D9AA1FFB30BB008FC7EB /* LikeController.xib */; };
		33A2D9AF1FFB30C6008FC7EB /* PersonController.swift in Sources */ = {isa = PBXBuildFile; fileRef = 33A2D9AD1FFB30C6008FC7EB /* PersonController.swift */; };
		33A2D9B01FFB30C6008FC7EB /* PersonController.xib in Resources */ = {isa = PBXBuildFile; fileRef = 33A2D9AE1FFB30C6008FC7EB /* PersonController.xib */; };
		33A2D9B21FFB50F9008FC7EB /* InterfaceProvider.swift in Sources */ = {isa = PBXBuildFile; fileRef = 33A2D9B11FFB50F9008FC7EB /* InterfaceProvider.swift */; };
		33A2D9B41FFB59EA008FC7EB /* PersonViewModel.swift in Sources */ = {isa = PBXBuildFile; fileRef = 33A2D9B31FFB59EA008FC7EB /* PersonViewModel.swift */; };
		33A2D9B61FFB6309008FC7EB /* LikeViewModel.swift in Sources */ = {isa = PBXBuildFile; fileRef = 33A2D9B51FFB6309008FC7EB /* LikeViewModel.swift */; };
		33A2D9B81FFB7465008FC7EB /* NavigationController.swift in Sources */ = {isa = PBXBuildFile; fileRef = 33A2D9B71FFB7465008FC7EB /* NavigationController.swift */; };
		33A2D9BC1FFB8263008FC7EB /* VideoCell.swift in Sources */ = {isa = PBXBuildFile; fileRef = 33A2D9BA1FFB8263008FC7EB /* VideoCell.swift */; };
		33A2D9BD1FFB8263008FC7EB /* VideoCell.xib in Resources */ = {isa = PBXBuildFile; fileRef = 33A2D9BB1FFB8263008FC7EB /* VideoCell.xib */; };
		33A2D9C01FFB8472008FC7EB /* UIImageView+KingFisher.swift in Sources */ = {isa = PBXBuildFile; fileRef = 33A2D9BF1FFB8472008FC7EB /* UIImageView+KingFisher.swift */; };
		33A2D9C31FFB8867008FC7EB /* Post.swift in Sources */ = {isa = PBXBuildFile; fileRef = 33A2D9C21FFB8867008FC7EB /* Post.swift */; };
		33A2D9C51FFB8E80008FC7EB /* Mappable.swift in Sources */ = {isa = PBXBuildFile; fileRef = 33A2D9C41FFB8E80008FC7EB /* Mappable.swift */; };
		33A2D9C71FFB94CB008FC7EB /* Layout.swift in Sources */ = {isa = PBXBuildFile; fileRef = 33A2D9C61FFB94CB008FC7EB /* Layout.swift */; };
		33A2D9C91FFB9513008FC7EB /* Device.swift in Sources */ = {isa = PBXBuildFile; fileRef = 33A2D9C81FFB9513008FC7EB /* Device.swift */; };
		33A2D9E11FFB9549008FC7EB /* UIView+Snippet.swift in Sources */ = {isa = PBXBuildFile; fileRef = 33A2D9CB1FFB9549008FC7EB /* UIView+Snippet.swift */; };
		33A2D9E21FFB9549008FC7EB /* Generic+Snippet.swift in Sources */ = {isa = PBXBuildFile; fileRef = 33A2D9CC1FFB9549008FC7EB /* Generic+Snippet.swift */; };
		33A2D9E31FFB9549008FC7EB /* UITextField+Snippet.swift in Sources */ = {isa = PBXBuildFile; fileRef = 33A2D9CD1FFB9549008FC7EB /* UITextField+Snippet.swift */; };
		33A2D9E41FFB9549008FC7EB /* Bool+Snippet.swift in Sources */ = {isa = PBXBuildFile; fileRef = 33A2D9CE1FFB9549008FC7EB /* Bool+Snippet.swift */; };
		33A2D9E51FFB9549008FC7EB /* StatusBar+Snippet.swift in Sources */ = {isa = PBXBuildFile; fileRef = 33A2D9CF1FFB9549008FC7EB /* StatusBar+Snippet.swift */; };
		33A2D9E61FFB9549008FC7EB /* Collection+Snippet.swift in Sources */ = {isa = PBXBuildFile; fileRef = 33A2D9D01FFB9549008FC7EB /* Collection+Snippet.swift */; };
		33A2D9E71FFB9549008FC7EB /* Operator.swift in Sources */ = {isa = PBXBuildFile; fileRef = 33A2D9D11FFB9549008FC7EB /* Operator.swift */; };
		33A2D9E81FFB9549008FC7EB /* Logger.swift in Sources */ = {isa = PBXBuildFile; fileRef = 33A2D9D21FFB9549008FC7EB /* Logger.swift */; };
		33A2D9E91FFB9549008FC7EB /* UITextView+Snippet.swift in Sources */ = {isa = PBXBuildFile; fileRef = 33A2D9D31FFB9549008FC7EB /* UITextView+Snippet.swift */; };
		33A2D9EA1FFB9549008FC7EB /* Encrypt.swift in Sources */ = {isa = PBXBuildFile; fileRef = 33A2D9D41FFB9549008FC7EB /* Encrypt.swift */; };
		33A2D9EB1FFB9549008FC7EB /* ChainableView+Snippet.swift in Sources */ = {isa = PBXBuildFile; fileRef = 33A2D9D51FFB9549008FC7EB /* ChainableView+Snippet.swift */; };
		33A2D9EC1FFB9549008FC7EB /* Extension+Snippet.swift in Sources */ = {isa = PBXBuildFile; fileRef = 33A2D9D61FFB9549008FC7EB /* Extension+Snippet.swift */; };
		33A2D9ED1FFB9549008FC7EB /* Enum+Snippet.swift in Sources */ = {isa = PBXBuildFile; fileRef = 33A2D9D71FFB9549008FC7EB /* Enum+Snippet.swift */; };
		33A2D9EE1FFB9549008FC7EB /* Namespace+Snipper.swift in Sources */ = {isa = PBXBuildFile; fileRef = 33A2D9D81FFB9549008FC7EB /* Namespace+Snipper.swift */; };
		33A2D9EF1FFB9549008FC7EB /* URL+Snippet.swift in Sources */ = {isa = PBXBuildFile; fileRef = 33A2D9D91FFB9549008FC7EB /* URL+Snippet.swift */; };
		33A2D9F01FFB9549008FC7EB /* Regex.swift in Sources */ = {isa = PBXBuildFile; fileRef = 33A2D9DA1FFB9549008FC7EB /* Regex.swift */; };
		33A2D9F11FFB9549008FC7EB /* Delay+Snippet.swift in Sources */ = {isa = PBXBuildFile; fileRef = 33A2D9DB1FFB9549008FC7EB /* Delay+Snippet.swift */; };
		33A2D9F21FFB9549008FC7EB /* UIAlertController+Snippet.swift in Sources */ = {isa = PBXBuildFile; fileRef = 33A2D9DC1FFB9549008FC7EB /* UIAlertController+Snippet.swift */; };
		33A2D9F31FFB9549008FC7EB /* Optional+Snippet.swift in Sources */ = {isa = PBXBuildFile; fileRef = 33A2D9DD1FFB9549008FC7EB /* Optional+Snippet.swift */; };
		33A2D9F41FFB9549008FC7EB /* UIColor+Snipper.swift in Sources */ = {isa = PBXBuildFile; fileRef = 33A2D9DE1FFB9549008FC7EB /* UIColor+Snipper.swift */; };
		33A2D9F51FFB9549008FC7EB /* Array+Snippet.swift in Sources */ = {isa = PBXBuildFile; fileRef = 33A2D9DF1FFB9549008FC7EB /* Array+Snippet.swift */; };
		33A2D9F61FFB9549008FC7EB /* Number+Snippet.swift in Sources */ = {isa = PBXBuildFile; fileRef = 33A2D9E01FFB9549008FC7EB /* Number+Snippet.swift */; };
		33F8BDE41FFF5FF400BA5AA6 /* LICENSE in Resources */ = {isa = PBXBuildFile; fileRef = 33F8BDD61FFF5FF400BA5AA6 /* LICENSE */; };
		33F8BDE51FFF5FF400BA5AA6 /* WMPageController.m in Sources */ = {isa = PBXBuildFile; fileRef = 33F8BDD81FFF5FF400BA5AA6 /* WMPageController.m */; };
		33F8BDE61FFF5FF400BA5AA6 /* WMMenuItem.m in Sources */ = {isa = PBXBuildFile; fileRef = 33F8BDDE1FFF5FF400BA5AA6 /* WMMenuItem.m */; };
		33F8BDE71FFF5FF400BA5AA6 /* WMScrollView.m in Sources */ = {isa = PBXBuildFile; fileRef = 33F8BDDF1FFF5FF400BA5AA6 /* WMScrollView.m */; };
		33F8BDE81FFF5FF400BA5AA6 /* WMMenuView.m in Sources */ = {isa = PBXBuildFile; fileRef = 33F8BDE01FFF5FF400BA5AA6 /* WMMenuView.m */; };
		33F8BDE91FFF5FF400BA5AA6 /* WMProgressView.m in Sources */ = {isa = PBXBuildFile; fileRef = 33F8BDE11FFF5FF400BA5AA6 /* WMProgressView.m */; };
		33F8BDEA1FFF5FF400BA5AA6 /* README.md in Resources */ = {isa = PBXBuildFile; fileRef = 33F8BDE31FFF5FF400BA5AA6 /* README.md */; };
		33F8BDED1FFF60A700BA5AA6 /* HomeViewController.swift in Sources */ = {isa = PBXBuildFile; fileRef = 33F8BDEB1FFF60A700BA5AA6 /* HomeViewController.swift */; };
		33F8BDEE1FFF60A700BA5AA6 /* HomeViewController.xib in Resources */ = {isa = PBXBuildFile; fileRef = 33F8BDEC1FFF60A700BA5AA6 /* HomeViewController.xib */; };
		33F8BDF01FFF60DA00BA5AA6 /* HomeViewModel.swift in Sources */ = {isa = PBXBuildFile; fileRef = 33F8BDEF1FFF60DA00BA5AA6 /* HomeViewModel.swift */; };
		33F8BDF21FFF677400BA5AA6 /* Enum.swift in Sources */ = {isa = PBXBuildFile; fileRef = 33F8BDF11FFF677400BA5AA6 /* Enum.swift */; };
		33FAAB861FFCACF400854399 /* PhotoSetCell.swift in Sources */ = {isa = PBXBuildFile; fileRef = 33FAAB841FFCACF400854399 /* PhotoSetCell.swift */; };
		33FAAB871FFCACF400854399 /* PhotoSetCell.xib in Resources */ = {isa = PBXBuildFile; fileRef = 33FAAB851FFCACF400854399 /* PhotoSetCell.xib */; };
		33FAAB8A1FFCAFC000854399 /* SinglePhotoCell.swift in Sources */ = {isa = PBXBuildFile; fileRef = 33FAAB881FFCAFC000854399 /* SinglePhotoCell.swift */; };
		33FAAB8B1FFCAFC000854399 /* SinglePhotoCell.xib in Resources */ = {isa = PBXBuildFile; fileRef = 33FAAB891FFCAFC000854399 /* SinglePhotoCell.xib */; };
		5F332B51E34B5B050FCFB06D /* Pods_Tumblr.framework in Frameworks */ = {isa = PBXBuildFile; fileRef = 13225576EB41A8B3B7A3FA2C /* Pods_Tumblr.framework */; };
/* End PBXBuildFile section */

/* Begin PBXFileReference section */
		13225576EB41A8B3B7A3FA2C /* Pods_Tumblr.framework */ = {isa = PBXFileReference; explicitFileType = wrapper.framework; includeInIndex = 0; path = Pods_Tumblr.framework; sourceTree = BUILT_PRODUCTS_DIR; };
		33A2D9781FF7CEC7008FC7EB /* Tumblr.app */ = {isa = PBXFileReference; explicitFileType = wrapper.application; includeInIndex = 0; path = Tumblr.app; sourceTree = BUILT_PRODUCTS_DIR; };
		33A2D97B1FF7CEC7008FC7EB /* AppDelegate.swift */ = {isa = PBXFileReference; lastKnownFileType = sourcecode.swift; path = AppDelegate.swift; sourceTree = "<group>"; };
		33A2D9821FF7CEC7008FC7EB /* Assets.xcassets */ = {isa = PBXFileReference; lastKnownFileType = folder.assetcatalog; path = Assets.xcassets; sourceTree = "<group>"; };
		33A2D9851FF7CEC7008FC7EB /* Base */ = {isa = PBXFileReference; lastKnownFileType = file.storyboard; name = Base; path = Base.lproj/LaunchScreen.storyboard; sourceTree = "<group>"; };
		33A2D9871FF7CEC7008FC7EB /* Info.plist */ = {isa = PBXFileReference; lastKnownFileType = text.plist.xml; path = Info.plist; sourceTree = "<group>"; };
		33A2D98E1FF7D09A008FC7EB /* Tumblr-Bridging-Header.h */ = {isa = PBXFileReference; lastKnownFileType = sourcecode.c.h; path = "Tumblr-Bridging-Header.h"; sourceTree = "<group>"; };
		33A2D9921FF7D3D5008FC7EB /* Const.swift */ = {isa = PBXFileReference; lastKnownFileType = sourcecode.swift; path = Const.swift; sourceTree = "<group>"; };
		33A2D9961FF7DB54008FC7EB /* HTTPEngine.swift */ = {isa = PBXFileReference; lastKnownFileType = sourcecode.swift; path = HTTPEngine.swift; sourceTree = "<group>"; };
		33A2D99A1FFB2C5A008FC7EB /* OAuthViewController.swift */ = {isa = PBXFileReference; lastKnownFileType = sourcecode.swift; path = OAuthViewController.swift; sourceTree = "<group>"; };
		33A2D99B1FFB2C5A008FC7EB /* OAuthViewController.xib */ = {isa = PBXFileReference; lastKnownFileType = file.xib; path = OAuthViewController.xib; sourceTree = "<group>"; };
		33A2D9A51FFB30AF008FC7EB /* HomeController.swift */ = {isa = PBXFileReference; lastKnownFileType = sourcecode.swift; path = HomeController.swift; sourceTree = "<group>"; };
		33A2D9A91FFB30BB008FC7EB /* LikeController.swift */ = {isa = PBXFileReference; lastKnownFileType = sourcecode.swift; path = LikeController.swift; sourceTree = "<group>"; };
		33A2D9AA1FFB30BB008FC7EB /* LikeController.xib */ = {isa = PBXFileReference; lastKnownFileType = file.xib; path = LikeController.xib; sourceTree = "<group>"; };
		33A2D9AD1FFB30C6008FC7EB /* PersonController.swift */ = {isa = PBXFileReference; lastKnownFileType = sourcecode.swift; path = PersonController.swift; sourceTree = "<group>"; };
		33A2D9AE1FFB30C6008FC7EB /* PersonController.xib */ = {isa = PBXFileReference; lastKnownFileType = file.xib; path = PersonController.xib; sourceTree = "<group>"; };
		33A2D9B11FFB50F9008FC7EB /* InterfaceProvider.swift */ = {isa = PBXFileReference; lastKnownFileType = sourcecode.swift; path = InterfaceProvider.swift; sourceTree = "<group>"; };
		33A2D9B31FFB59EA008FC7EB /* PersonViewModel.swift */ = {isa = PBXFileReference; lastKnownFileType = sourcecode.swift; path = PersonViewModel.swift; sourceTree = "<group>"; };
		33A2D9B51FFB6309008FC7EB /* LikeViewModel.swift */ = {isa = PBXFileReference; lastKnownFileType = sourcecode.swift; path = LikeViewModel.swift; sourceTree = "<group>"; };
		33A2D9B71FFB7465008FC7EB /* NavigationController.swift */ = {isa = PBXFileReference; lastKnownFileType = sourcecode.swift; path = NavigationController.swift; sourceTree = "<group>"; };
		33A2D9BA1FFB8263008FC7EB /* VideoCell.swift */ = {isa = PBXFileReference; lastKnownFileType = sourcecode.swift; path = VideoCell.swift; sourceTree = "<group>"; };
		33A2D9BB1FFB8263008FC7EB /* VideoCell.xib */ = {isa = PBXFileReference; lastKnownFileType = file.xib; path = VideoCell.xib; sourceTree = "<group>"; };
		33A2D9BF1FFB8472008FC7EB /* UIImageView+KingFisher.swift */ = {isa = PBXFileReference; lastKnownFileType = sourcecode.swift; path = "UIImageView+KingFisher.swift"; sourceTree = "<group>"; };
		33A2D9C21FFB8867008FC7EB /* Post.swift */ = {isa = PBXFileReference; lastKnownFileType = sourcecode.swift; path = Post.swift; sourceTree = "<group>"; };
		33A2D9C41FFB8E80008FC7EB /* Mappable.swift */ = {isa = PBXFileReference; lastKnownFileType = sourcecode.swift; path = Mappable.swift; sourceTree = "<group>"; };
		33A2D9C61FFB94CB008FC7EB /* Layout.swift */ = {isa = PBXFileReference; fileEncoding = 4; lastKnownFileType = sourcecode.swift; path = Layout.swift; sourceTree = "<group>"; };
		33A2D9C81FFB9513008FC7EB /* Device.swift */ = {isa = PBXFileReference; fileEncoding = 4; lastKnownFileType = sourcecode.swift; path = Device.swift; sourceTree = "<group>"; };
		33A2D9CB1FFB9549008FC7EB /* UIView+Snippet.swift */ = {isa = PBXFileReference; fileEncoding = 4; lastKnownFileType = sourcecode.swift; path = "UIView+Snippet.swift"; sourceTree = "<group>"; };
		33A2D9CC1FFB9549008FC7EB /* Generic+Snippet.swift */ = {isa = PBXFileReference; fileEncoding = 4; lastKnownFileType = sourcecode.swift; path = "Generic+Snippet.swift"; sourceTree = "<group>"; };
		33A2D9CD1FFB9549008FC7EB /* UITextField+Snippet.swift */ = {isa = PBXFileReference; fileEncoding = 4; lastKnownFileType = sourcecode.swift; path = "UITextField+Snippet.swift"; sourceTree = "<group>"; };
		33A2D9CE1FFB9549008FC7EB /* Bool+Snippet.swift */ = {isa = PBXFileReference; fileEncoding = 4; lastKnownFileType = sourcecode.swift; path = "Bool+Snippet.swift"; sourceTree = "<group>"; };
		33A2D9CF1FFB9549008FC7EB /* StatusBar+Snippet.swift */ = {isa = PBXFileReference; fileEncoding = 4; lastKnownFileType = sourcecode.swift; path = "StatusBar+Snippet.swift"; sourceTree = "<group>"; };
		33A2D9D01FFB9549008FC7EB /* Collection+Snippet.swift */ = {isa = PBXFileReference; fileEncoding = 4; lastKnownFileType = sourcecode.swift; path = "Collection+Snippet.swift"; sourceTree = "<group>"; };
		33A2D9D11FFB9549008FC7EB /* Operator.swift */ = {isa = PBXFileReference; fileEncoding = 4; lastKnownFileType = sourcecode.swift; path = Operator.swift; sourceTree = "<group>"; };
		33A2D9D21FFB9549008FC7EB /* Logger.swift */ = {isa = PBXFileReference; fileEncoding = 4; lastKnownFileType = sourcecode.swift; path = Logger.swift; sourceTree = "<group>"; };
		33A2D9D31FFB9549008FC7EB /* UITextView+Snippet.swift */ = {isa = PBXFileReference; fileEncoding = 4; lastKnownFileType = sourcecode.swift; path = "UITextView+Snippet.swift"; sourceTree = "<group>"; };
		33A2D9D41FFB9549008FC7EB /* Encrypt.swift */ = {isa = PBXFileReference; fileEncoding = 4; lastKnownFileType = sourcecode.swift; path = Encrypt.swift; sourceTree = "<group>"; };
		33A2D9D51FFB9549008FC7EB /* ChainableView+Snippet.swift */ = {isa = PBXFileReference; fileEncoding = 4; lastKnownFileType = sourcecode.swift; path = "ChainableView+Snippet.swift"; sourceTree = "<group>"; };
		33A2D9D61FFB9549008FC7EB /* Extension+Snippet.swift */ = {isa = PBXFileReference; fileEncoding = 4; lastKnownFileType = sourcecode.swift; path = "Extension+Snippet.swift"; sourceTree = "<group>"; };
		33A2D9D71FFB9549008FC7EB /* Enum+Snippet.swift */ = {isa = PBXFileReference; fileEncoding = 4; lastKnownFileType = sourcecode.swift; path = "Enum+Snippet.swift"; sourceTree = "<group>"; };
		33A2D9D81FFB9549008FC7EB /* Namespace+Snipper.swift */ = {isa = PBXFileReference; fileEncoding = 4; lastKnownFileType = sourcecode.swift; path = "Namespace+Snipper.swift"; sourceTree = "<group>"; };
		33A2D9D91FFB9549008FC7EB /* URL+Snippet.swift */ = {isa = PBXFileReference; fileEncoding = 4; lastKnownFileType = sourcecode.swift; path = "URL+Snippet.swift"; sourceTree = "<group>"; };
		33A2D9DA1FFB9549008FC7EB /* Regex.swift */ = {isa = PBXFileReference; fileEncoding = 4; lastKnownFileType = sourcecode.swift; path = Regex.swift; sourceTree = "<group>"; };
		33A2D9DB1FFB9549008FC7EB /* Delay+Snippet.swift */ = {isa = PBXFileReference; fileEncoding = 4; lastKnownFileType = sourcecode.swift; path = "Delay+Snippet.swift"; sourceTree = "<group>"; };
		33A2D9DC1FFB9549008FC7EB /* UIAlertController+Snippet.swift */ = {isa = PBXFileReference; fileEncoding = 4; lastKnownFileType = sourcecode.swift; path = "UIAlertController+Snippet.swift"; sourceTree = "<group>"; };
		33A2D9DD1FFB9549008FC7EB /* Optional+Snippet.swift */ = {isa = PBXFileReference; fileEncoding = 4; lastKnownFileType = sourcecode.swift; path = "Optional+Snippet.swift"; sourceTree = "<group>"; };
		33A2D9DE1FFB9549008FC7EB /* UIColor+Snipper.swift */ = {isa = PBXFileReference; fileEncoding = 4; lastKnownFileType = sourcecode.swift; path = "UIColor+Snipper.swift"; sourceTree = "<group>"; };
		33A2D9DF1FFB9549008FC7EB /* Array+Snippet.swift */ = {isa = PBXFileReference; fileEncoding = 4; lastKnownFileType = sourcecode.swift; path = "Array+Snippet.swift"; sourceTree = "<group>"; };
		33A2D9E01FFB9549008FC7EB /* Number+Snippet.swift */ = {isa = PBXFileReference; fileEncoding = 4; lastKnownFileType = sourcecode.swift; path = "Number+Snippet.swift"; sourceTree = "<group>"; };
		33F8BDD61FFF5FF400BA5AA6 /* LICENSE */ = {isa = PBXFileReference; fileEncoding = 4; lastKnownFileType = text; path = LICENSE; sourceTree = "<group>"; };
		33F8BDD81FFF5FF400BA5AA6 /* WMPageController.m */ = {isa = PBXFileReference; fileEncoding = 4; lastKnownFileType = sourcecode.c.objc; path = WMPageController.m; sourceTree = "<group>"; };
		33F8BDDA1FFF5FF400BA5AA6 /* WMScrollView.h */ = {isa = PBXFileReference; fileEncoding = 4; lastKnownFileType = sourcecode.c.h; path = WMScrollView.h; sourceTree = "<group>"; };
		33F8BDDB1FFF5FF400BA5AA6 /* WMMenuItem.h */ = {isa = PBXFileReference; fileEncoding = 4; lastKnownFileType = sourcecode.c.h; path = WMMenuItem.h; sourceTree = "<group>"; };
		33F8BDDC1FFF5FF400BA5AA6 /* WMMenuView.h */ = {isa = PBXFileReference; fileEncoding = 4; lastKnownFileType = sourcecode.c.h; path = WMMenuView.h; sourceTree = "<group>"; };
		33F8BDDD1FFF5FF400BA5AA6 /* WMProgressView.h */ = {isa = PBXFileReference; fileEncoding = 4; lastKnownFileType = sourcecode.c.h; path = WMProgressView.h; sourceTree = "<group>"; };
		33F8BDDE1FFF5FF400BA5AA6 /* WMMenuItem.m */ = {isa = PBXFileReference; fileEncoding = 4; lastKnownFileType = sourcecode.c.objc; path = WMMenuItem.m; sourceTree = "<group>"; };
		33F8BDDF1FFF5FF400BA5AA6 /* WMScrollView.m */ = {isa = PBXFileReference; fileEncoding = 4; lastKnownFileType = sourcecode.c.objc; path = WMScrollView.m; sourceTree = "<group>"; };
		33F8BDE01FFF5FF400BA5AA6 /* WMMenuView.m */ = {isa = PBXFileReference; fileEncoding = 4; lastKnownFileType = sourcecode.c.objc; path = WMMenuView.m; sourceTree = "<group>"; };
		33F8BDE11FFF5FF400BA5AA6 /* WMProgressView.m */ = {isa = PBXFileReference; fileEncoding = 4; lastKnownFileType = sourcecode.c.objc; path = WMProgressView.m; sourceTree = "<group>"; };
		33F8BDE21FFF5FF400BA5AA6 /* WMPageController.h */ = {isa = PBXFileReference; fileEncoding = 4; lastKnownFileType = sourcecode.c.h; path = WMPageController.h; sourceTree = "<group>"; };
		33F8BDE31FFF5FF400BA5AA6 /* README.md */ = {isa = PBXFileReference; fileEncoding = 4; lastKnownFileType = net.daringfireball.markdown; path = README.md; sourceTree = "<group>"; };
		33F8BDEB1FFF60A700BA5AA6 /* HomeViewController.swift */ = {isa = PBXFileReference; lastKnownFileType = sourcecode.swift; path = HomeViewController.swift; sourceTree = "<group>"; };
		33F8BDEC1FFF60A700BA5AA6 /* HomeViewController.xib */ = {isa = PBXFileReference; lastKnownFileType = file.xib; path = HomeViewController.xib; sourceTree = "<group>"; };
		33F8BDEF1FFF60DA00BA5AA6 /* HomeViewModel.swift */ = {isa = PBXFileReference; lastKnownFileType = sourcecode.swift; path = HomeViewModel.swift; sourceTree = "<group>"; };
		33F8BDF11FFF677400BA5AA6 /* Enum.swift */ = {isa = PBXFileReference; lastKnownFileType = sourcecode.swift; path = Enum.swift; sourceTree = "<group>"; };
		33FAAB841FFCACF400854399 /* PhotoSetCell.swift */ = {isa = PBXFileReference; lastKnownFileType = sourcecode.swift; path = PhotoSetCell.swift; sourceTree = "<group>"; };
		33FAAB851FFCACF400854399 /* PhotoSetCell.xib */ = {isa = PBXFileReference; lastKnownFileType = file.xib; path = PhotoSetCell.xib; sourceTree = "<group>"; };
		33FAAB881FFCAFC000854399 /* SinglePhotoCell.swift */ = {isa = PBXFileReference; lastKnownFileType = sourcecode.swift; path = SinglePhotoCell.swift; sourceTree = "<group>"; };
		33FAAB891FFCAFC000854399 /* SinglePhotoCell.xib */ = {isa = PBXFileReference; lastKnownFileType = file.xib; path = SinglePhotoCell.xib; sourceTree = "<group>"; };
		39A46BA107F3EEA830B363C4 /* Pods-Tumblr.debug.xcconfig */ = {isa = PBXFileReference; includeInIndex = 1; lastKnownFileType = text.xcconfig; name = "Pods-Tumblr.debug.xcconfig"; path = "Pods/Target Support Files/Pods-Tumblr/Pods-Tumblr.debug.xcconfig"; sourceTree = "<group>"; };
		3B8FF3012C229130558B168F /* Pods-Tumblr.release.xcconfig */ = {isa = PBXFileReference; includeInIndex = 1; lastKnownFileType = text.xcconfig; name = "Pods-Tumblr.release.xcconfig"; path = "Pods/Target Support Files/Pods-Tumblr/Pods-Tumblr.release.xcconfig"; sourceTree = "<group>"; };
/* End PBXFileReference section */

/* Begin PBXFrameworksBuildPhase section */
		33A2D9751FF7CEC7008FC7EB /* Frameworks */ = {
			isa = PBXFrameworksBuildPhase;
			buildActionMask = 2147483647;
			files = (
				5F332B51E34B5B050FCFB06D /* Pods_Tumblr.framework in Frameworks */,
			);
			runOnlyForDeploymentPostprocessing = 0;
		};
/* End PBXFrameworksBuildPhase section */

/* Begin PBXGroup section */
		2FF47FE9BFADA010F3198F03 /* Frameworks */ = {
			isa = PBXGroup;
			children = (
				13225576EB41A8B3B7A3FA2C /* Pods_Tumblr.framework */,
			);
			name = Frameworks;
			sourceTree = "<group>";
		};
		33A2D96F1FF7CEC7008FC7EB = {
			isa = PBXGroup;
			children = (
				33A2D97A1FF7CEC7008FC7EB /* Tumblr */,
				33A2D9791FF7CEC7008FC7EB /* Products */,
				5292CC33294DA437963DCDAB /* Pods */,
				2FF47FE9BFADA010F3198F03 /* Frameworks */,
			);
			sourceTree = "<group>";
		};
		33A2D9791FF7CEC7008FC7EB /* Products */ = {
			isa = PBXGroup;
			children = (
				33A2D9781FF7CEC7008FC7EB /* Tumblr.app */,
			);
			name = Products;
			sourceTree = "<group>";
		};
		33A2D97A1FF7CEC7008FC7EB /* Tumblr */ = {
			isa = PBXGroup;
			children = (
				33F8BDD41FFF5FF400BA5AA6 /* Vendor */,
				33A2D9981FFB2C34008FC7EB /* Section */,
				33A2D9941FF7DB17008FC7EB /* General */,
				33A2D97B1FF7CEC7008FC7EB /* AppDelegate.swift */,
				33A2D9821FF7CEC7008FC7EB /* Assets.xcassets */,
				33A2D9841FF7CEC7008FC7EB /* LaunchScreen.storyboard */,
				33A2D9871FF7CEC7008FC7EB /* Info.plist */,
				33A2D98E1FF7D09A008FC7EB /* Tumblr-Bridging-Header.h */,
				33A2D9921FF7D3D5008FC7EB /* Const.swift */,
			);
			path = Tumblr;
			sourceTree = "<group>";
		};
		33A2D9941FF7DB17008FC7EB /* General */ = {
			isa = PBXGroup;
			children = (
				33A2D9CA1FFB9549008FC7EB /* Snippet */,
				33A2D9BE1FFB8454008FC7EB /* Util */,
				33A2D9951FF7DB25008FC7EB /* HTTP */,
			);
			path = General;
			sourceTree = "<group>";
		};
		33A2D9951FF7DB25008FC7EB /* HTTP */ = {
			isa = PBXGroup;
			children = (
				33A2D9961FF7DB54008FC7EB /* HTTPEngine.swift */,
				33A2D9C41FFB8E80008FC7EB /* Mappable.swift */,
			);
			path = HTTP;
			sourceTree = "<group>";
		};
		33A2D9981FFB2C34008FC7EB /* Section */ = {
			isa = PBXGroup;
			children = (
				33A2D9C11FFB885F008FC7EB /* Entity */,
				33A2D9B91FFB823D008FC7EB /* View */,
				33A2D9A41FFB308E008FC7EB /* Person */,
				33A2D9A31FFB3066008FC7EB /* Like */,
				33A2D9A21FFB305E008FC7EB /* Home */,
				33A2D99E1FFB2F87008FC7EB /* Root */,
				33A2D9991FFB2C3B008FC7EB /* OAuth */,
			);
			path = Section;
			sourceTree = "<group>";
		};
		33A2D9991FFB2C3B008FC7EB /* OAuth */ = {
			isa = PBXGroup;
			children = (
				33A2D99A1FFB2C5A008FC7EB /* OAuthViewController.swift */,
				33A2D99B1FFB2C5A008FC7EB /* OAuthViewController.xib */,
			);
			path = OAuth;
			sourceTree = "<group>";
		};
		33A2D99E1FFB2F87008FC7EB /* Root */ = {
			isa = PBXGroup;
			children = (
				33A2D9B11FFB50F9008FC7EB /* InterfaceProvider.swift */,
				33A2D9B71FFB7465008FC7EB /* NavigationController.swift */,
			);
			path = Root;
			sourceTree = "<group>";
		};
		33A2D9A21FFB305E008FC7EB /* Home */ = {
			isa = PBXGroup;
			children = (
				33A2D9A51FFB30AF008FC7EB /* HomeController.swift */,
				33F8BDEB1FFF60A700BA5AA6 /* HomeViewController.swift */,
				33F8BDEC1FFF60A700BA5AA6 /* HomeViewController.xib */,
				33F8BDEF1FFF60DA00BA5AA6 /* HomeViewModel.swift */,
			);
			path = Home;
			sourceTree = "<group>";
		};
		33A2D9A31FFB3066008FC7EB /* Like */ = {
			isa = PBXGroup;
			children = (
				33A2D9A91FFB30BB008FC7EB /* LikeController.swift */,
				33A2D9B51FFB6309008FC7EB /* LikeViewModel.swift */,
				33A2D9AA1FFB30BB008FC7EB /* LikeController.xib */,
			);
			path = Like;
			sourceTree = "<group>";
		};
		33A2D9A41FFB308E008FC7EB /* Person */ = {
			isa = PBXGroup;
			children = (
				33A2D9AD1FFB30C6008FC7EB /* PersonController.swift */,
				33A2D9AE1FFB30C6008FC7EB /* PersonController.xib */,
				33A2D9B31FFB59EA008FC7EB /* PersonViewModel.swift */,
			);
			path = Person;
			sourceTree = "<group>";
		};
		33A2D9B91FFB823D008FC7EB /* View */ = {
			isa = PBXGroup;
			children = (
				33A2D9BA1FFB8263008FC7EB /* VideoCell.swift */,
				33A2D9BB1FFB8263008FC7EB /* VideoCell.xib */,
				33FAAB841FFCACF400854399 /* PhotoSetCell.swift */,
				33FAAB851FFCACF400854399 /* PhotoSetCell.xib */,
				33FAAB881FFCAFC000854399 /* SinglePhotoCell.swift */,
				33FAAB891FFCAFC000854399 /* SinglePhotoCell.xib */,
			);
			path = View;
			sourceTree = "<group>";
		};
		33A2D9BE1FFB8454008FC7EB /* Util */ = {
			isa = PBXGroup;
			children = (
				33A2D9C81FFB9513008FC7EB /* Device.swift */,
				33A2D9C61FFB94CB008FC7EB /* Layout.swift */,
				33A2D9BF1FFB8472008FC7EB /* UIImageView+KingFisher.swift */,
			);
			path = Util;
			sourceTree = "<group>";
		};
		33A2D9C11FFB885F008FC7EB /* Entity */ = {
			isa = PBXGroup;
			children = (
				33A2D9C21FFB8867008FC7EB /* Post.swift */,
				33F8BDF11FFF677400BA5AA6 /* Enum.swift */,
			);
			path = Entity;
			sourceTree = "<group>";
		};
		33A2D9CA1FFB9549008FC7EB /* Snippet */ = {
			isa = PBXGroup;
			children = (
				33A2D9CB1FFB9549008FC7EB /* UIView+Snippet.swift */,
				33A2D9CC1FFB9549008FC7EB /* Generic+Snippet.swift */,
				33A2D9CD1FFB9549008FC7EB /* UITextField+Snippet.swift */,
				33A2D9CE1FFB9549008FC7EB /* Bool+Snippet.swift */,
				33A2D9CF1FFB9549008FC7EB /* StatusBar+Snippet.swift */,
				33A2D9D01FFB9549008FC7EB /* Collection+Snippet.swift */,
				33A2D9D11FFB9549008FC7EB /* Operator.swift */,
				33A2D9D21FFB9549008FC7EB /* Logger.swift */,
				33A2D9D31FFB9549008FC7EB /* UITextView+Snippet.swift */,
				33A2D9D41FFB9549008FC7EB /* Encrypt.swift */,
				33A2D9D51FFB9549008FC7EB /* ChainableView+Snippet.swift */,
				33A2D9D61FFB9549008FC7EB /* Extension+Snippet.swift */,
				33A2D9D71FFB9549008FC7EB /* Enum+Snippet.swift */,
				33A2D9D81FFB9549008FC7EB /* Namespace+Snipper.swift */,
				33A2D9D91FFB9549008FC7EB /* URL+Snippet.swift */,
				33A2D9DA1FFB9549008FC7EB /* Regex.swift */,
				33A2D9DB1FFB9549008FC7EB /* Delay+Snippet.swift */,
				33A2D9DC1FFB9549008FC7EB /* UIAlertController+Snippet.swift */,
				33A2D9DD1FFB9549008FC7EB /* Optional+Snippet.swift */,
				33A2D9DE1FFB9549008FC7EB /* UIColor+Snipper.swift */,
				33A2D9DF1FFB9549008FC7EB /* Array+Snippet.swift */,
				33A2D9E01FFB9549008FC7EB /* Number+Snippet.swift */,
			);
			path = Snippet;
			sourceTree = "<group>";
		};
		33F8BDD41FFF5FF400BA5AA6 /* Vendor */ = {
			isa = PBXGroup;
			children = (
				33F8BDD51FFF5FF400BA5AA6 /* WMPageController */,
			);
			path = Vendor;
			sourceTree = "<group>";
		};
		33F8BDD51FFF5FF400BA5AA6 /* WMPageController */ = {
			isa = PBXGroup;
			children = (
				33F8BDD61FFF5FF400BA5AA6 /* LICENSE */,
				33F8BDD71FFF5FF400BA5AA6 /* WMPageController */,
				33F8BDE31FFF5FF400BA5AA6 /* README.md */,
			);
			path = WMPageController;
			sourceTree = "<group>";
		};
		33F8BDD71FFF5FF400BA5AA6 /* WMPageController */ = {
			isa = PBXGroup;
			children = (
				33F8BDD81FFF5FF400BA5AA6 /* WMPageController.m */,
				33F8BDD91FFF5FF400BA5AA6 /* WMMenuView */,
				33F8BDE21FFF5FF400BA5AA6 /* WMPageController.h */,
			);
			path = WMPageController;
			sourceTree = "<group>";
		};
		33F8BDD91FFF5FF400BA5AA6 /* WMMenuView */ = {
			isa = PBXGroup;
			children = (
				33F8BDDA1FFF5FF400BA5AA6 /* WMScrollView.h */,
				33F8BDDB1FFF5FF400BA5AA6 /* WMMenuItem.h */,
				33F8BDDC1FFF5FF400BA5AA6 /* WMMenuView.h */,
				33F8BDDD1FFF5FF400BA5AA6 /* WMProgressView.h */,
				33F8BDDE1FFF5FF400BA5AA6 /* WMMenuItem.m */,
				33F8BDDF1FFF5FF400BA5AA6 /* WMScrollView.m */,
				33F8BDE01FFF5FF400BA5AA6 /* WMMenuView.m */,
				33F8BDE11FFF5FF400BA5AA6 /* WMProgressView.m */,
			);
			path = WMMenuView;
			sourceTree = "<group>";
		};
		5292CC33294DA437963DCDAB /* Pods */ = {
			isa = PBXGroup;
			children = (
				39A46BA107F3EEA830B363C4 /* Pods-Tumblr.debug.xcconfig */,
				3B8FF3012C229130558B168F /* Pods-Tumblr.release.xcconfig */,
			);
			name = Pods;
			sourceTree = "<group>";
		};
/* End PBXGroup section */

/* Begin PBXNativeTarget section */
		33A2D9771FF7CEC7008FC7EB /* Tumblr */ = {
			isa = PBXNativeTarget;
			buildConfigurationList = 33A2D98A1FF7CEC7008FC7EB /* Build configuration list for PBXNativeTarget "Tumblr" */;
			buildPhases = (
				F3BBC6D8608788970114AB2B /* [CP] Check Pods Manifest.lock */,
				33A2D9741FF7CEC7008FC7EB /* Sources */,
				33A2D9751FF7CEC7008FC7EB /* Frameworks */,
				33A2D9761FF7CEC7008FC7EB /* Resources */,
				DA19D736F9E178FB4A378CD0 /* [CP] Embed Pods Frameworks */,
				D5C385FE1328EC12746430AE /* [CP] Copy Pods Resources */,
				33AAA8FF20181B3200BAADB6 /* ShellScript */,
			);
			buildRules = (
			);
			dependencies = (
			);
			name = Tumblr;
			productName = Tumblr;
			productReference = 33A2D9781FF7CEC7008FC7EB /* Tumblr.app */;
			productType = "com.apple.product-type.application";
		};
/* End PBXNativeTarget section */

/* Begin PBXProject section */
		33A2D9701FF7CEC7008FC7EB /* Project object */ = {
			isa = PBXProject;
			attributes = {
				LastSwiftUpdateCheck = 0920;
				LastUpgradeCheck = 0920;
				ORGANIZATIONNAME = CepheusSun;
				TargetAttributes = {
					33A2D9771FF7CEC7008FC7EB = {
						CreatedOnToolsVersion = 9.2;
						LastSwiftMigration = 0920;
						ProvisioningStyle = Automatic;
					};
				};
			};
			buildConfigurationList = 33A2D9731FF7CEC7008FC7EB /* Build configuration list for PBXProject "Tumblr" */;
			compatibilityVersion = "Xcode 8.0";
			developmentRegion = en;
			hasScannedForEncodings = 0;
			knownRegions = (
				en,
				Base,
			);
			mainGroup = 33A2D96F1FF7CEC7008FC7EB;
			productRefGroup = 33A2D9791FF7CEC7008FC7EB /* Products */;
			projectDirPath = "";
			projectRoot = "";
			targets = (
				33A2D9771FF7CEC7008FC7EB /* Tumblr */,
			);
		};
/* End PBXProject section */

/* Begin PBXResourcesBuildPhase section */
		33A2D9761FF7CEC7008FC7EB /* Resources */ = {
			isa = PBXResourcesBuildPhase;
			buildActionMask = 2147483647;
			files = (
				33A2D9861FF7CEC7008FC7EB /* LaunchScreen.storyboard in Resources */,
				33A2D9BD1FFB8263008FC7EB /* VideoCell.xib in Resources */,
				33A2D99D1FFB2C5A008FC7EB /* OAuthViewController.xib in Resources */,
				33F8BDE41FFF5FF400BA5AA6 /* LICENSE in Resources */,
				33A2D9831FF7CEC7008FC7EB /* Assets.xcassets in Resources */,
				33A2D9B01FFB30C6008FC7EB /* PersonController.xib in Resources */,
				33A2D9AC1FFB30BB008FC7EB /* LikeController.xib in Resources */,
				33FAAB871FFCACF400854399 /* PhotoSetCell.xib in Resources */,
				33F8BDEA1FFF5FF400BA5AA6 /* README.md in Resources */,
				33FAAB8B1FFCAFC000854399 /* SinglePhotoCell.xib in Resources */,
				33F8BDEE1FFF60A700BA5AA6 /* HomeViewController.xib in Resources */,
			);
			runOnlyForDeploymentPostprocessing = 0;
		};
/* End PBXResourcesBuildPhase section */

/* Begin PBXShellScriptBuildPhase section */
		33AAA8FF20181B3200BAADB6 /* ShellScript */ = {
			isa = PBXShellScriptBuildPhase;
			buildActionMask = 2147483647;
			files = (
			);
			inputPaths = (
			);
			outputPaths = (
			);
			runOnlyForDeploymentPostprocessing = 0;
			shellPath = /bin/sh;
			shellScript = "if which swiftlint >/dev/null; then\nswiftlint\nelse\necho \"warning: SwiftLint not installed, download from https://github.com/realm/SwiftLint\"\nfi";
		};
		D5C385FE1328EC12746430AE /* [CP] Copy Pods Resources */ = {
			isa = PBXShellScriptBuildPhase;
			buildActionMask = 2147483647;
			files = (
			);
			inputPaths = (
			);
			name = "[CP] Copy Pods Resources";
			outputPaths = (
			);
			runOnlyForDeploymentPostprocessing = 0;
			shellPath = /bin/sh;
			shellScript = "\"${SRCROOT}/Pods/Target Support Files/Pods-Tumblr/Pods-Tumblr-resources.sh\"\n";
			showEnvVarsInLog = 0;
		};
		DA19D736F9E178FB4A378CD0 /* [CP] Embed Pods Frameworks */ = {
			isa = PBXShellScriptBuildPhase;
			buildActionMask = 2147483647;
			files = (
			);
			inputPaths = (
				"${SRCROOT}/Pods/Target Support Files/Pods-Tumblr/Pods-Tumblr-frameworks.sh",
				"${BUILT_PRODUCTS_DIR}/Alamofire/Alamofire.framework",
				"${BUILT_PRODUCTS_DIR}/ESTabBarController-swift/ESTabBarController_swift.framework",
				"${BUILT_PRODUCTS_DIR}/Kingfisher/Kingfisher.framework",
				"${BUILT_PRODUCTS_DIR}/MJRefresh/MJRefresh.framework",
				"${BUILT_PRODUCTS_DIR}/Reusable/Reusable.framework",
				"${BUILT_PRODUCTS_DIR}/RxCocoa/RxCocoa.framework",
				"${BUILT_PRODUCTS_DIR}/RxSwift/RxSwift.framework",
				"${BUILT_PRODUCTS_DIR}/SnapKit/SnapKit.framework",
				"${BUILT_PRODUCTS_DIR}/SwiftyJSON/SwiftyJSON.framework",
				"${BUILT_PRODUCTS_DIR}/TMTumblrSDK/TMTumblrSDK.framework",
			);
			name = "[CP] Embed Pods Frameworks";
			outputPaths = (
				"${TARGET_BUILD_DIR}/${FRAMEWORKS_FOLDER_PATH}/Alamofire.framework",
				"${TARGET_BUILD_DIR}/${FRAMEWORKS_FOLDER_PATH}/ESTabBarController_swift.framework",
				"${TARGET_BUILD_DIR}/${FRAMEWORKS_FOLDER_PATH}/Kingfisher.framework",
				"${TARGET_BUILD_DIR}/${FRAMEWORKS_FOLDER_PATH}/MJRefresh.framework",
				"${TARGET_BUILD_DIR}/${FRAMEWORKS_FOLDER_PATH}/Reusable.framework",
				"${TARGET_BUILD_DIR}/${FRAMEWORKS_FOLDER_PATH}/RxCocoa.framework",
				"${TARGET_BUILD_DIR}/${FRAMEWORKS_FOLDER_PATH}/RxSwift.framework",
				"${TARGET_BUILD_DIR}/${FRAMEWORKS_FOLDER_PATH}/SnapKit.framework",
				"${TARGET_BUILD_DIR}/${FRAMEWORKS_FOLDER_PATH}/SwiftyJSON.framework",
				"${TARGET_BUILD_DIR}/${FRAMEWORKS_FOLDER_PATH}/TMTumblrSDK.framework",
			);
			runOnlyForDeploymentPostprocessing = 0;
			shellPath = /bin/sh;
			shellScript = "\"${SRCROOT}/Pods/Target Support Files/Pods-Tumblr/Pods-Tumblr-frameworks.sh\"\n";
			showEnvVarsInLog = 0;
		};
		F3BBC6D8608788970114AB2B /* [CP] Check Pods Manifest.lock */ = {
			isa = PBXShellScriptBuildPhase;
			buildActionMask = 2147483647;
			files = (
			);
			inputPaths = (
				"${PODS_PODFILE_DIR_PATH}/Podfile.lock",
				"${PODS_ROOT}/Manifest.lock",
			);
			name = "[CP] Check Pods Manifest.lock";
			outputPaths = (
				"$(DERIVED_FILE_DIR)/Pods-Tumblr-checkManifestLockResult.txt",
			);
			runOnlyForDeploymentPostprocessing = 0;
			shellPath = /bin/sh;
			shellScript = "diff \"${PODS_PODFILE_DIR_PATH}/Podfile.lock\" \"${PODS_ROOT}/Manifest.lock\" > /dev/null\nif [ $? != 0 ] ; then\n    # print error to STDERR\n    echo \"error: The sandbox is not in sync with the Podfile.lock. Run 'pod install' or update your CocoaPods installation.\" >&2\n    exit 1\nfi\n# This output is used by Xcode 'outputs' to avoid re-running this script phase.\necho \"SUCCESS\" > \"${SCRIPT_OUTPUT_FILE_0}\"\n";
			showEnvVarsInLog = 0;
		};
/* End PBXShellScriptBuildPhase section */

/* Begin PBXSourcesBuildPhase section */
		33A2D9741FF7CEC7008FC7EB /* Sources */ = {
			isa = PBXSourcesBuildPhase;
			buildActionMask = 2147483647;
			files = (
				33A2D9E11FFB9549008FC7EB /* UIView+Snippet.swift in Sources */,
				33F8BDE81FFF5FF400BA5AA6 /* WMMenuView.m in Sources */,
				33A2D9F21FFB9549008FC7EB /* UIAlertController+Snippet.swift in Sources */,
				33A2D9E51FFB9549008FC7EB /* StatusBar+Snippet.swift in Sources */,
				33A2D9E31FFB9549008FC7EB /* UITextField+Snippet.swift in Sources */,
				33A2D9EA1FFB9549008FC7EB /* Encrypt.swift in Sources */,
				33F8BDE61FFF5FF400BA5AA6 /* WMMenuItem.m in Sources */,
				33A2D9B81FFB7465008FC7EB /* NavigationController.swift in Sources */,
				33A2D9C01FFB8472008FC7EB /* UIImageView+KingFisher.swift in Sources */,
				33A2D9AB1FFB30BB008FC7EB /* LikeController.swift in Sources */,
				33A2D9EC1FFB9549008FC7EB /* Extension+Snippet.swift in Sources */,
				33A2D9E61FFB9549008FC7EB /* Collection+Snippet.swift in Sources */,
				33A2D9C91FFB9513008FC7EB /* Device.swift in Sources */,
				33F8BDE91FFF5FF400BA5AA6 /* WMProgressView.m in Sources */,
				33A2D9C51FFB8E80008FC7EB /* Mappable.swift in Sources */,
				33A2D99C1FFB2C5A008FC7EB /* OAuthViewController.swift in Sources */,
				33A2D9C71FFB94CB008FC7EB /* Layout.swift in Sources */,
				33A2D9EF1FFB9549008FC7EB /* URL+Snippet.swift in Sources */,
				33A2D9971FF7DB54008FC7EB /* HTTPEngine.swift in Sources */,
				33F8BDF01FFF60DA00BA5AA6 /* HomeViewModel.swift in Sources */,
				33F8BDED1FFF60A700BA5AA6 /* HomeViewController.swift in Sources */,
				33F8BDE51FFF5FF400BA5AA6 /* WMPageController.m in Sources */,
				33A2D9F11FFB9549008FC7EB /* Delay+Snippet.swift in Sources */,
				33A2D9E21FFB9549008FC7EB /* Generic+Snippet.swift in Sources */,
				33A2D9E71FFB9549008FC7EB /* Operator.swift in Sources */,
				33F8BDF21FFF677400BA5AA6 /* Enum.swift in Sources */,
				33A2D9ED1FFB9549008FC7EB /* Enum+Snippet.swift in Sources */,
				33A2D9C31FFB8867008FC7EB /* Post.swift in Sources */,
				33A2D9B41FFB59EA008FC7EB /* PersonViewModel.swift in Sources */,
				33A2D9BC1FFB8263008FC7EB /* VideoCell.swift in Sources */,
				33A2D9A71FFB30AF008FC7EB /* HomeController.swift in Sources */,
				33A2D9E41FFB9549008FC7EB /* Bool+Snippet.swift in Sources */,
				33A2D9E91FFB9549008FC7EB /* UITextView+Snippet.swift in Sources */,
				33A2D9AF1FFB30C6008FC7EB /* PersonController.swift in Sources */,
				33FAAB861FFCACF400854399 /* PhotoSetCell.swift in Sources */,
				33A2D9E81FFB9549008FC7EB /* Logger.swift in Sources */,
				33A2D97C1FF7CEC7008FC7EB /* AppDelegate.swift in Sources */,
				33A2D9F51FFB9549008FC7EB /* Array+Snippet.swift in Sources */,
				33A2D9F41FFB9549008FC7EB /* UIColor+Snipper.swift in Sources */,
				33A2D9F31FFB9549008FC7EB /* Optional+Snippet.swift in Sources */,
				33F8BDE71FFF5FF400BA5AA6 /* WMScrollView.m in Sources */,
				33A2D9B21FFB50F9008FC7EB /* InterfaceProvider.swift in Sources */,
				33A2D9F61FFB9549008FC7EB /* Number+Snippet.swift in Sources */,
				33FAAB8A1FFCAFC000854399 /* SinglePhotoCell.swift in Sources */,
				33A2D9EE1FFB9549008FC7EB /* Namespace+Snipper.swift in Sources */,
				33A2D9931FF7D3D5008FC7EB /* Const.swift in Sources */,
				33A2D9EB1FFB9549008FC7EB /* ChainableView+Snippet.swift in Sources */,
				33A2D9B61FFB6309008FC7EB /* LikeViewModel.swift in Sources */,
				33A2D9F01FFB9549008FC7EB /* Regex.swift in Sources */,
			);
			runOnlyForDeploymentPostprocessing = 0;
		};
/* End PBXSourcesBuildPhase section */

/* Begin PBXVariantGroup section */
		33A2D9841FF7CEC7008FC7EB /* LaunchScreen.storyboard */ = {
			isa = PBXVariantGroup;
			children = (
				33A2D9851FF7CEC7008FC7EB /* Base */,
			);
			name = LaunchScreen.storyboard;
			sourceTree = "<group>";
		};
/* End PBXVariantGroup section */

/* Begin XCBuildConfiguration section */
		33A2D9881FF7CEC7008FC7EB /* Debug */ = {
			isa = XCBuildConfiguration;
			buildSettings = {
				ALWAYS_SEARCH_USER_PATHS = NO;
				CLANG_ANALYZER_NONNULL = YES;
				CLANG_ANALYZER_NUMBER_OBJECT_CONVERSION = YES_AGGRESSIVE;
				CLANG_CXX_LANGUAGE_STANDARD = "gnu++14";
				CLANG_CXX_LIBRARY = "libc++";
				CLANG_ENABLE_MODULES = YES;
				CLANG_ENABLE_OBJC_ARC = YES;
				CLANG_WARN_BLOCK_CAPTURE_AUTORELEASING = YES;
				CLANG_WARN_BOOL_CONVERSION = YES;
				CLANG_WARN_COMMA = YES;
				CLANG_WARN_CONSTANT_CONVERSION = YES;
				CLANG_WARN_DIRECT_OBJC_ISA_USAGE = YES_ERROR;
				CLANG_WARN_DOCUMENTATION_COMMENTS = YES;
				CLANG_WARN_EMPTY_BODY = YES;
				CLANG_WARN_ENUM_CONVERSION = YES;
				CLANG_WARN_INFINITE_RECURSION = YES;
				CLANG_WARN_INT_CONVERSION = YES;
				CLANG_WARN_NON_LITERAL_NULL_CONVERSION = YES;
				CLANG_WARN_OBJC_LITERAL_CONVERSION = YES;
				CLANG_WARN_OBJC_ROOT_CLASS = YES_ERROR;
				CLANG_WARN_RANGE_LOOP_ANALYSIS = YES;
				CLANG_WARN_STRICT_PROTOTYPES = YES;
				CLANG_WARN_SUSPICIOUS_MOVE = YES;
				CLANG_WARN_UNGUARDED_AVAILABILITY = YES_AGGRESSIVE;
				CLANG_WARN_UNREACHABLE_CODE = YES;
				CLANG_WARN__DUPLICATE_METHOD_MATCH = YES;
				CODE_SIGN_IDENTITY = "iPhone Developer";
				COPY_PHASE_STRIP = NO;
				DEBUG_INFORMATION_FORMAT = dwarf;
				ENABLE_STRICT_OBJC_MSGSEND = YES;
				ENABLE_TESTABILITY = YES;
				GCC_C_LANGUAGE_STANDARD = gnu11;
				GCC_DYNAMIC_NO_PIC = NO;
				GCC_NO_COMMON_BLOCKS = YES;
				GCC_OPTIMIZATION_LEVEL = 0;
				GCC_PREPROCESSOR_DEFINITIONS = (
					"DEBUG=1",
					"$(inherited)",
				);
				GCC_WARN_64_TO_32_BIT_CONVERSION = YES;
				GCC_WARN_ABOUT_RETURN_TYPE = YES_ERROR;
				GCC_WARN_UNDECLARED_SELECTOR = YES;
				GCC_WARN_UNINITIALIZED_AUTOS = YES_AGGRESSIVE;
				GCC_WARN_UNUSED_FUNCTION = YES;
				GCC_WARN_UNUSED_VARIABLE = YES;
				IPHONEOS_DEPLOYMENT_TARGET = 11.2;
				MTL_ENABLE_DEBUG_INFO = YES;
				ONLY_ACTIVE_ARCH = YES;
				SDKROOT = iphoneos;
				SWIFT_ACTIVE_COMPILATION_CONDITIONS = DEBUG;
				SWIFT_OPTIMIZATION_LEVEL = "-Onone";
			};
			name = Debug;
		};
		33A2D9891FF7CEC7008FC7EB /* Release */ = {
			isa = XCBuildConfiguration;
			buildSettings = {
				ALWAYS_SEARCH_USER_PATHS = NO;
				CLANG_ANALYZER_NONNULL = YES;
				CLANG_ANALYZER_NUMBER_OBJECT_CONVERSION = YES_AGGRESSIVE;
				CLANG_CXX_LANGUAGE_STANDARD = "gnu++14";
				CLANG_CXX_LIBRARY = "libc++";
				CLANG_ENABLE_MODULES = YES;
				CLANG_ENABLE_OBJC_ARC = YES;
				CLANG_WARN_BLOCK_CAPTURE_AUTORELEASING = YES;
				CLANG_WARN_BOOL_CONVERSION = YES;
				CLANG_WARN_COMMA = YES;
				CLANG_WARN_CONSTANT_CONVERSION = YES;
				CLANG_WARN_DIRECT_OBJC_ISA_USAGE = YES_ERROR;
				CLANG_WARN_DOCUMENTATION_COMMENTS = YES;
				CLANG_WARN_EMPTY_BODY = YES;
				CLANG_WARN_ENUM_CONVERSION = YES;
				CLANG_WARN_INFINITE_RECURSION = YES;
				CLANG_WARN_INT_CONVERSION = YES;
				CLANG_WARN_NON_LITERAL_NULL_CONVERSION = YES;
				CLANG_WARN_OBJC_LITERAL_CONVERSION = YES;
				CLANG_WARN_OBJC_ROOT_CLASS = YES_ERROR;
				CLANG_WARN_RANGE_LOOP_ANALYSIS = YES;
				CLANG_WARN_STRICT_PROTOTYPES = YES;
				CLANG_WARN_SUSPICIOUS_MOVE = YES;
				CLANG_WARN_UNGUARDED_AVAILABILITY = YES_AGGRESSIVE;
				CLANG_WARN_UNREACHABLE_CODE = YES;
				CLANG_WARN__DUPLICATE_METHOD_MATCH = YES;
				CODE_SIGN_IDENTITY = "iPhone Developer";
				COPY_PHASE_STRIP = NO;
				DEBUG_INFORMATION_FORMAT = "dwarf-with-dsym";
				ENABLE_NS_ASSERTIONS = NO;
				ENABLE_STRICT_OBJC_MSGSEND = YES;
				GCC_C_LANGUAGE_STANDARD = gnu11;
				GCC_NO_COMMON_BLOCKS = YES;
				GCC_WARN_64_TO_32_BIT_CONVERSION = YES;
				GCC_WARN_ABOUT_RETURN_TYPE = YES_ERROR;
				GCC_WARN_UNDECLARED_SELECTOR = YES;
				GCC_WARN_UNINITIALIZED_AUTOS = YES_AGGRESSIVE;
				GCC_WARN_UNUSED_FUNCTION = YES;
				GCC_WARN_UNUSED_VARIABLE = YES;
				IPHONEOS_DEPLOYMENT_TARGET = 11.2;
				MTL_ENABLE_DEBUG_INFO = NO;
				SDKROOT = iphoneos;
				SWIFT_OPTIMIZATION_LEVEL = "-Owholemodule";
				VALIDATE_PRODUCT = YES;
			};
			name = Release;
		};
		33A2D98B1FF7CEC7008FC7EB /* Debug */ = {
			isa = XCBuildConfiguration;
			baseConfigurationReference = 39A46BA107F3EEA830B363C4 /* Pods-Tumblr.debug.xcconfig */;
			buildSettings = {
				ASSETCATALOG_COMPILER_APPICON_NAME = AppIcon;
				CLANG_ENABLE_MODULES = YES;
				CODE_SIGN_STYLE = Automatic;
				DEVELOPMENT_TEAM = 552B69TXM9;
				INFOPLIST_FILE = Tumblr/Info.plist;
				IPHONEOS_DEPLOYMENT_TARGET = 10.0;
				LD_RUNPATH_SEARCH_PATHS = "$(inherited) @executable_path/Frameworks";
				PRODUCT_BUNDLE_IDENTIFIER = com.CepheusSun.Tumblr;
				PRODUCT_NAME = "$(TARGET_NAME)";
				SWIFT_INSTALL_OBJC_HEADER = YES;
				SWIFT_OBJC_BRIDGING_HEADER = "Tumblr/Tumblr-Bridging-Header.h";
				SWIFT_OPTIMIZATION_LEVEL = "-Onone";
				SWIFT_VERSION = 4.0;
				TARGETED_DEVICE_FAMILY = 1;
			};
			name = Debug;
		};
		33A2D98C1FF7CEC7008FC7EB /* Release */ = {
			isa = XCBuildConfiguration;
			baseConfigurationReference = 3B8FF3012C229130558B168F /* Pods-Tumblr.release.xcconfig */;
			buildSettings = {
				ASSETCATALOG_COMPILER_APPICON_NAME = AppIcon;
				CLANG_ENABLE_MODULES = YES;
				CODE_SIGN_STYLE = Automatic;
				DEVELOPMENT_TEAM = 552B69TXM9;
				INFOPLIST_FILE = Tumblr/Info.plist;
				IPHONEOS_DEPLOYMENT_TARGET = 10.0;
				LD_RUNPATH_SEARCH_PATHS = "$(inherited) @executable_path/Frameworks";
				PRODUCT_BUNDLE_IDENTIFIER = com.CepheusSun.Tumblr;
				PRODUCT_NAME = "$(TARGET_NAME)";
				SWIFT_INSTALL_OBJC_HEADER = YES;
				SWIFT_OBJC_BRIDGING_HEADER = "Tumblr/Tumblr-Bridging-Header.h";
				SWIFT_VERSION = 4.0;
				TARGETED_DEVICE_FAMILY = 1;
			};
			name = Release;
		};
/* End XCBuildConfiguration section */

/* Begin XCConfigurationList section */
		33A2D9731FF7CEC7008FC7EB /* Build configuration list for PBXProject "Tumblr" */ = {
			isa = XCConfigurationList;
			buildConfigurations = (
				33A2D9881FF7CEC7008FC7EB /* Debug */,
				33A2D9891FF7CEC7008FC7EB /* Release */,
			);
			defaultConfigurationIsVisible = 0;
			defaultConfigurationName = Release;
		};
		33A2D98A1FF7CEC7008FC7EB /* Build configuration list for PBXNativeTarget "Tumblr" */ = {
			isa = XCConfigurationList;
			buildConfigurations = (
				33A2D98B1FF7CEC7008FC7EB /* Debug */,
				33A2D98C1FF7CEC7008FC7EB /* Release */,
			);
			defaultConfigurationIsVisible = 0;
			defaultConfigurationName = Release;
		};
/* End XCConfigurationList section */
	};
	rootObject = 33A2D9701FF7CEC7008FC7EB /* Project object */;
}
